// !$*UTF8*$!
{
	archiveVersion = 1;
	classes = {
	};
	objectVersion = 56;
	objects = {

/* Begin PBXBuildFile section */
		728E40D829C331DD00B25D9D /* SwiftUI__2_WebviewApp.swift in Sources */ = {isa = PBXBuildFile; fileRef = 728E40D729C331DD00B25D9D /* SwiftUI__2_WebviewApp.swift */; };
		728E40DA29C331DD00B25D9D /* ContentView.swift in Sources */ = {isa = PBXBuildFile; fileRef = 728E40D929C331DD00B25D9D /* ContentView.swift */; };
		728E40DC29C331DE00B25D9D /* Assets.xcassets in Resources */ = {isa = PBXBuildFile; fileRef = 728E40DB29C331DE00B25D9D /* Assets.xcassets */; };
		728E40DF29C331DE00B25D9D /* Preview Assets.xcassets in Resources */ = {isa = PBXBuildFile; fileRef = 728E40DE29C331DE00B25D9D /* Preview Assets.xcassets */; };
		728E40E729C3324C00B25D9D /* MyWebview.swift in Sources */ = {isa = PBXBuildFile; fileRef = 728E40E629C3324C00B25D9D /* MyWebview.swift */; };
		728E40E929C346A900B25D9D /* WebviewButton.swift in Sources */ = {isa = PBXBuildFile; fileRef = 728E40E829C346A900B25D9D /* WebviewButton.swift */; };
/* End PBXBuildFile section */

/* Begin PBXFileReference section */
		728E40D429C331DD00B25D9D /* SwiftUI_#2_Webview.app */ = {isa = PBXFileReference; explicitFileType = wrapper.application; includeInIndex = 0; path = "SwiftUI_#2_Webview.app"; sourceTree = BUILT_PRODUCTS_DIR; };
		728E40D729C331DD00B25D9D /* SwiftUI__2_WebviewApp.swift */ = {isa = PBXFileReference; lastKnownFileType = sourcecode.swift; path = SwiftUI__2_WebviewApp.swift; sourceTree = "<group>"; };
		728E40D929C331DD00B25D9D /* ContentView.swift */ = {isa = PBXFileReference; lastKnownFileType = sourcecode.swift; path = ContentView.swift; sourceTree = "<group>"; };
		728E40DB29C331DE00B25D9D /* Assets.xcassets */ = {isa = PBXFileReference; lastKnownFileType = folder.assetcatalog; path = Assets.xcassets; sourceTree = "<group>"; };
		728E40DE29C331DE00B25D9D /* Preview Assets.xcassets */ = {isa = PBXFileReference; lastKnownFileType = folder.assetcatalog; path = "Preview Assets.xcassets"; sourceTree = "<group>"; };
		728E40E529C3322C00B25D9D /* SwiftUI--2-Webview-Info.plist */ = {isa = PBXFileReference; lastKnownFileType = text.plist; path = "SwiftUI--2-Webview-Info.plist"; sourceTree = SOURCE_ROOT; };
		728E40E629C3324C00B25D9D /* MyWebview.swift */ = {isa = PBXFileReference; lastKnownFileType = sourcecode.swift; path = MyWebview.swift; sourceTree = "<group>"; };
		728E40E829C346A900B25D9D /* WebviewButton.swift */ = {isa = PBXFileReference; lastKnownFileType = sourcecode.swift; path = WebviewButton.swift; sourceTree = "<group>"; };
/* End PBXFileReference section */

/* Begin PBXFrameworksBuildPhase section */
		728E40D129C331DD00B25D9D /* Frameworks */ = {
			isa = PBXFrameworksBuildPhase;
			buildActionMask = 2147483647;
			files = (
			);
			runOnlyForDeploymentPostprocessing = 0;
		};
/* End PBXFrameworksBuildPhase section */

/* Begin PBXGroup section */
		728E40CB29C331DD00B25D9D = {
			isa = PBXGroup;
			children = (
				728E40D629C331DD00B25D9D /* SwiftUI_#2_Webview */,
				728E40D529C331DD00B25D9D /* Products */,
			);
			sourceTree = "<group>";
		};
		728E40D529C331DD00B25D9D /* Products */ = {
			isa = PBXGroup;
			children = (
				728E40D429C331DD00B25D9D /* SwiftUI_#2_Webview.app */,
			);
			name = Products;
			sourceTree = "<group>";
		};
		728E40D629C331DD00B25D9D /* SwiftUI_#2_Webview */ = {
			isa = PBXGroup;
			children = (
				728E40E529C3322C00B25D9D /* SwiftUI--2-Webview-Info.plist */,
				728E40D729C331DD00B25D9D /* SwiftUI__2_WebviewApp.swift */,
				728E40E629C3324C00B25D9D /* MyWebview.swift */,
				728E40D929C331DD00B25D9D /* ContentView.swift */,
				728E40DB29C331DE00B25D9D /* Assets.xcassets */,
				728E40DD29C331DE00B25D9D /* Preview Content */,
				728E40E829C346A900B25D9D /* WebviewButton.swift */,
			);
			path = "SwiftUI_#2_Webview";
			sourceTree = "<group>";
		};
		728E40DD29C331DE00B25D9D /* Preview Content */ = {
			isa = PBXGroup;
			children = (
				728E40DE29C331DE00B25D9D /* Preview Assets.xcassets */,
			);
			path = "Preview Content";
			sourceTree = "<group>";
		};
/* End PBXGroup section */

/* Begin PBXNativeTarget section */
		728E40D329C331DD00B25D9D /* SwiftUI_#2_Webview */ = {
			isa = PBXNativeTarget;
			buildConfigurationList = 728E40E229C331DE00B25D9D /* Build configuration list for PBXNativeTarget "SwiftUI_#2_Webview" */;
			buildPhases = (
				728E40D029C331DD00B25D9D /* Sources */,
				728E40D129C331DD00B25D9D /* Frameworks */,
				728E40D229C331DD00B25D9D /* Resources */,
			);
			buildRules = (
			);
			dependencies = (
			);
			name = "SwiftUI_#2_Webview";
			productName = "SwiftUI_#2_Webview";
			productReference = 728E40D429C331DD00B25D9D /* SwiftUI_#2_Webview.app */;
			productType = "com.apple.product-type.application";
		};
/* End PBXNativeTarget section */

/* Begin PBXProject section */
		728E40CC29C331DD00B25D9D /* Project object */ = {
			isa = PBXProject;
			attributes = {
				BuildIndependentTargetsInParallel = 1;
				LastSwiftUpdateCheck = 1410;
				LastUpgradeCheck = 1410;
				TargetAttributes = {
					728E40D329C331DD00B25D9D = {
						CreatedOnToolsVersion = 14.1;
					};
				};
			};
			buildConfigurationList = 728E40CF29C331DD00B25D9D /* Build configuration list for PBXProject "SwiftUI_#2_Webview" */;
			compatibilityVersion = "Xcode 14.0";
			developmentRegion = en;
			hasScannedForEncodings = 0;
			knownRegions = (
				en,
				Base,
			);
			mainGroup = 728E40CB29C331DD00B25D9D;
			productRefGroup = 728E40D529C331DD00B25D9D /* Products */;
			projectDirPath = "";
			projectRoot = "";
			targets = (
				728E40D329C331DD00B25D9D /* SwiftUI_#2_Webview */,
			);
		};
/* End PBXProject section */

/* Begin PBXResourcesBuildPhase section */
		728E40D229C331DD00B25D9D /* Resources */ = {
			isa = PBXResourcesBuildPhase;
			buildActionMask = 2147483647;
			files = (
				728E40DF29C331DE00B25D9D /* Preview Assets.xcassets in Resources */,
				728E40DC29C331DE00B25D9D /* Assets.xcassets in Resources */,
			);
			runOnlyForDeploymentPostprocessing = 0;
		};
/* End PBXResourcesBuildPhase section */

/* Begin PBXSourcesBuildPhase section */
		728E40D029C331DD00B25D9D /* Sources */ = {
			isa = PBXSourcesBuildPhase;
			buildActionMask = 2147483647;
			files = (
				728E40DA29C331DD00B25D9D /* ContentView.swift in Sources */,
				728E40E729C3324C00B25D9D /* MyWebview.swift in Sources */,
				728E40D829C331DD00B25D9D /* SwiftUI__2_WebviewApp.swift in Sources */,
				728E40E929C346A900B25D9D /* WebviewButton.swift in Sources */,
			);
			runOnlyForDeploymentPostprocessing = 0;
		};
/* End PBXSourcesBuildPhase section */

/* Begin XCBuildConfiguration section */
		728E40E029C331DE00B25D9D /* Debug */ = {
			isa = XCBuildConfiguration;
			buildSettings = {
				ALWAYS_SEARCH_USER_PATHS = NO;
				CLANG_ANALYZER_NONNULL = YES;
				CLANG_ANALYZER_NUMBER_OBJECT_CONVERSION = YES_AGGRESSIVE;
				CLANG_CXX_LANGUAGE_STANDARD = "gnu++20";
				CLANG_ENABLE_MODULES = YES;
				CLANG_ENABLE_OBJC_ARC = YES;
				CLANG_ENABLE_OBJC_WEAK = YES;
				CLANG_WARN_BLOCK_CAPTURE_AUTORELEASING = YES;
				CLANG_WARN_BOOL_CONVERSION = YES;
				CLANG_WARN_COMMA = YES;
				CLANG_WARN_CONSTANT_CONVERSION = YES;
				CLANG_WARN_DEPRECATED_OBJC_IMPLEMENTATIONS = YES;
				CLANG_WARN_DIRECT_OBJC_ISA_USAGE = YES_ERROR;
				CLANG_WARN_DOCUMENTATION_COMMENTS = YES;
				CLANG_WARN_EMPTY_BODY = YES;
				CLANG_WARN_ENUM_CONVERSION = YES;
				CLANG_WARN_INFINITE_RECURSION = YES;
				CLANG_WARN_INT_CONVERSION = YES;
				CLANG_WARN_NON_LITERAL_NULL_CONVERSION = YES;
				CLANG_WARN_OBJC_IMPLICIT_RETAIN_SELF = YES;
				CLANG_WARN_OBJC_LITERAL_CONVERSION = YES;
				CLANG_WARN_OBJC_ROOT_CLASS = YES_ERROR;
				CLANG_WARN_QUOTED_INCLUDE_IN_FRAMEWORK_HEADER = YES;
				CLANG_WARN_RANGE_LOOP_ANALYSIS = YES;
				CLANG_WARN_STRICT_PROTOTYPES = YES;
				CLANG_WARN_SUSPICIOUS_MOVE = YES;
				CLANG_WARN_UNGUARDED_AVAILABILITY = YES_AGGRESSIVE;
				CLANG_WARN_UNREACHABLE_CODE = YES;
				CLANG_WARN__DUPLICATE_METHOD_MATCH = YES;
				COPY_PHASE_STRIP = NO;
				DEBUG_INFORMATION_FORMAT = dwarf;
				ENABLE_STRICT_OBJC_MSGSEND = YES;
				ENABLE_TESTABILITY = YES;
				GCC_C_LANGUAGE_STANDARD = gnu11;
				GCC_DYNAMIC_NO_PIC = NO;
				GCC_NO_COMMON_BLOCKS = YES;
				GCC_OPTIMIZATION_LEVEL = 0;
				GCC_PREPROCESSOR_DEFINITIONS = (
					"DEBUG=1",
					"$(inherited)",
				);
				GCC_WARN_64_TO_32_BIT_CONVERSION = YES;
				GCC_WARN_ABOUT_RETURN_TYPE = YES_ERROR;
				GCC_WARN_UNDECLARED_SELECTOR = YES;
				GCC_WARN_UNINITIALIZED_AUTOS = YES_AGGRESSIVE;
				GCC_WARN_UNUSED_FUNCTION = YES;
				GCC_WARN_UNUSED_VARIABLE = YES;
				IPHONEOS_DEPLOYMENT_TARGET = 16.1;
				MTL_ENABLE_DEBUG_INFO = INCLUDE_SOURCE;
				MTL_FAST_MATH = YES;
				ONLY_ACTIVE_ARCH = YES;
				SDKROOT = iphoneos;
				SWIFT_ACTIVE_COMPILATION_CONDITIONS = DEBUG;
				SWIFT_OPTIMIZATION_LEVEL = "-Onone";
			};
			name = Debug;
		};
		728E40E129C331DE00B25D9D /* Release */ = {
			isa = XCBuildConfiguration;
			buildSettings = {
				ALWAYS_SEARCH_USER_PATHS = NO;
				CLANG_ANALYZER_NONNULL = YES;
				CLANG_ANALYZER_NUMBER_OBJECT_CONVERSION = YES_AGGRESSIVE;
				CLANG_CXX_LANGUAGE_STANDARD = "gnu++20";
				CLANG_ENABLE_MODULES = YES;
				CLANG_ENABLE_OBJC_ARC = YES;
				CLANG_ENABLE_OBJC_WEAK = YES;
				CLANG_WARN_BLOCK_CAPTURE_AUTORELEASING = YES;
				CLANG_WARN_BOOL_CONVERSION = YES;
				CLANG_WARN_COMMA = YES;
				CLANG_WARN_CONSTANT_CONVERSION = YES;
				CLANG_WARN_DEPRECATED_OBJC_IMPLEMENTATIONS = YES;
				CLANG_WARN_DIRECT_OBJC_ISA_USAGE = YES_ERROR;
				CLANG_WARN_DOCUMENTATION_COMMENTS = YES;
				CLANG_WARN_EMPTY_BODY = YES;
				CLANG_WARN_ENUM_CONVERSION = YES;
				CLANG_WARN_INFINITE_RECURSION = YES;
				CLANG_WARN_INT_CONVERSION = YES;
				CLANG_WARN_NON_LITERAL_NULL_CONVERSION = YES;
				CLANG_WARN_OBJC_IMPLICIT_RETAIN_SELF = YES;
				CLANG_WARN_OBJC_LITERAL_CONVERSION = YES;
				CLANG_WARN_OBJC_ROOT_CLASS = YES_ERROR;
				CLANG_WARN_QUOTED_INCLUDE_IN_FRAMEWORK_HEADER = YES;
				CLANG_WARN_RANGE_LOOP_ANALYSIS = YES;
				CLANG_WARN_STRICT_PROTOTYPES = YES;
				CLANG_WARN_SUSPICIOUS_MOVE = YES;
				CLANG_WARN_UNGUARDED_AVAILABILITY = YES_AGGRESSIVE;
				CLANG_WARN_UNREACHABLE_CODE = YES;
				CLANG_WARN__DUPLICATE_METHOD_MATCH = YES;
				COPY_PHASE_STRIP = NO;
				DEBUG_INFORMATION_FORMAT = "dwarf-with-dsym";
				ENABLE_NS_ASSERTIONS = NO;
				ENABLE_STRICT_OBJC_MSGSEND = YES;
				GCC_C_LANGUAGE_STANDARD = gnu11;
				GCC_NO_COMMON_BLOCKS = YES;
				GCC_WARN_64_TO_32_BIT_CONVERSION = YES;
				GCC_WARN_ABOUT_RETURN_TYPE = YES_ERROR;
				GCC_WARN_UNDECLARED_SELECTOR = YES;
				GCC_WARN_UNINITIALIZED_AUTOS = YES_AGGRESSIVE;
				GCC_WARN_UNUSED_FUNCTION = YES;
				GCC_WARN_UNUSED_VARIABLE = YES;
				IPHONEOS_DEPLOYMENT_TARGET = 16.1;
				MTL_ENABLE_DEBUG_INFO = NO;
				MTL_FAST_MATH = YES;
				SDKROOT = iphoneos;
				SWIFT_COMPILATION_MODE = wholemodule;
				SWIFT_OPTIMIZATION_LEVEL = "-O";
				VALIDATE_PRODUCT = YES;
			};
			name = Release;
		};
		728E40E329C331DE00B25D9D /* Debug */ = {
			isa = XCBuildConfiguration;
			buildSettings = {
				ASSETCATALOG_COMPILER_APPICON_NAME = AppIcon;
				ASSETCATALOG_COMPILER_GLOBAL_ACCENT_COLOR_NAME = AccentColor;
				CODE_SIGN_STYLE = Automatic;
				CURRENT_PROJECT_VERSION = 1;
				DEVELOPMENT_ASSET_PATHS = "\"SwiftUI_#2_Webview/Preview Content\"";
				DEVELOPMENT_TEAM = UM655SCS28;
				ENABLE_PREVIEWS = YES;
				GENERATE_INFOPLIST_FILE = YES;
				INFOPLIST_FILE = "SwiftUI--2-Webview-Info.plist";
				INFOPLIST_KEY_UIApplicationSceneManifest_Generation = YES;
				INFOPLIST_KEY_UIApplicationSupportsIndirectInputEvents = YES;
				INFOPLIST_KEY_UILaunchScreen_Generation = YES;
				INFOPLIST_KEY_UISupportedInterfaceOrientations_iPad = "UIInterfaceOrientationPortrait UIInterfaceOrientationPortraitUpsideDown UIInterfaceOrientationLandscapeLeft UIInterfaceOrientationLandscapeRight";
				INFOPLIST_KEY_UISupportedInterfaceOrientations_iPhone = "UIInterfaceOrientationPortrait UIInterfaceOrientationLandscapeLeft UIInterfaceOrientationLandscapeRight";
				LD_RUNPATH_SEARCH_PATHS = (
					"$(inherited)",
					"@executable_path/Frameworks",
				);
				MARKETING_VERSION = 1.0;
				PRODUCT_BUNDLE_IDENTIFIER = "com.hoonsbrand.SwiftUI--2-Webview";
				PRODUCT_NAME = "$(TARGET_NAME)";
				SWIFT_EMIT_LOC_STRINGS = YES;
				SWIFT_VERSION = 5.0;
				TARGETED_DEVICE_FAMILY = "1,2";
			};
			name = Debug;
		};
		728E40E429C331DE00B25D9D /* Release */ = {
			isa = XCBuildConfiguration;
			buildSettings = {
				ASSETCATALOG_COMPILER_APPICON_NAME = AppIcon;
				ASSETCATALOG_COMPILER_GLOBAL_ACCENT_COLOR_NAME = AccentColor;
				CODE_SIGN_STYLE = Automatic;
				CURRENT_PROJECT_VERSION = 1;
				DEVELOPMENT_ASSET_PATHS = "\"SwiftUI_#2_Webview/Preview Content\"";
				DEVELOPMENT_TEAM = UM655SCS28;
				ENABLE_PREVIEWS = YES;
				GENERATE_INFOPLIST_FILE = YES;
				INFOPLIST_FILE = "SwiftUI--2-Webview-Info.plist";
				INFOPLIST_KEY_UIApplicationSceneManifest_Generation = YES;
				INFOPLIST_KEY_UIApplicationSupportsIndirectInputEvents = YES;
				INFOPLIST_KEY_UILaunchScreen_Generation = YES;
				INFOPLIST_KEY_UISupportedInterfaceOrientations_iPad = "UIInterfaceOrientationPortrait UIInterfaceOrientationPortraitUpsideDown UIInterfaceOrientationLandscapeLeft UIInterfaceOrientationLandscapeRight";
				INFOPLIST_KEY_UISupportedInterfaceOrientations_iPhone = "UIInterfaceOrientationPortrait UIInterfaceOrientationLandscapeLeft UIInterfaceOrientationLandscapeRight";
				LD_RUNPATH_SEARCH_PATHS = (
					"$(inherited)",
					"@executable_path/Frameworks",
				);
				MARKETING_VERSION = 1.0;
				PRODUCT_BUNDLE_IDENTIFIER = "com.hoonsbrand.SwiftUI--2-Webview";
				PRODUCT_NAME = "$(TARGET_NAME)";
				SWIFT_EMIT_LOC_STRINGS = YES;
				SWIFT_VERSION = 5.0;
				TARGETED_DEVICE_FAMILY = "1,2";
			};
			name = Release;
		};
/* End XCBuildConfiguration section */

/* Begin XCConfigurationList section */
		728E40CF29C331DD00B25D9D /* Build configuration list for PBXProject "SwiftUI_#2_Webview" */ = {
			isa = XCConfigurationList;
			buildConfigurations = (
				728E40E029C331DE00B25D9D /* Debug */,
				728E40E129C331DE00B25D9D /* Release */,
			);
			defaultConfigurationIsVisible = 0;
			defaultConfigurationName = Release;
		};
		728E40E229C331DE00B25D9D /* Build configuration list for PBXNativeTarget "SwiftUI_#2_Webview" */ = {
			isa = XCConfigurationList;
			buildConfigurations = (
				728E40E329C331DE00B25D9D /* Debug */,
				728E40E429C331DE00B25D9D /* Release */,
			);
			defaultConfigurationIsVisible = 0;
			defaultConfigurationName = Release;
		};
/* End XCConfigurationList section */
	};
	rootObject = 728E40CC29C331DD00B25D9D /* Project object */;
}
